
Microsoft Visual Studio Solution File, Format Version 12.00
# Visual Studio Version 16
VisualStudioVersion = 16.0.30907.101
MinimumVisualStudioVersion = 10.0.40219.1
Project("{FAE04EC0-301F-11D3-BF4B-00C04F79EFBC}") = "XFApp.Android", "XFApp\XFApp.Android\XFApp.Android.csproj", "{CB7F4095-5971-4A46-B61C-48EC896A6F19}"
EndProject
Project("{FAE04EC0-301F-11D3-BF4B-00C04F79EFBC}") = "XFApp.iOS", "XFApp\XFApp.iOS\XFApp.iOS.csproj", "{127350B6-39C8-44B9-BFF5-6FF1B85196DD}"
EndProject
Project("{9A19103F-16F7-4668-BE54-9A1E7A4F7556}") = "XFApp", "XFApp\XFApp\XFApp.csproj", "{D22A6C1E-E732-4C54-BBE1-E36A90FA6C65}"
EndProject
Project("{2150E333-8FDC-42A3-9474-1A3956D46DE8}") = "HotUpdate", "HotUpdate", "{695F73DB-42D1-491D-A6F0-11A7449178D5}"
EndProject
Project("{9A19103F-16F7-4668-BE54-9A1E7A4F7556}") = "XFApp.HotUpdate", "XFApp.HotUpdate\XFApp.HotUpdate.csproj", "{A092E8E4-CB5D-4150-A8DC-B89786829F73}"
EndProject
Global
	GlobalSection(SolutionConfigurationPlatforms) = preSolution
		Debug|Any CPU = Debug|Any CPU
		Debug|ARM = Debug|ARM
		Debug|iPhone = Debug|iPhone
		Debug|iPhoneSimulator = Debug|iPhoneSimulator
		Debug|x64 = Debug|x64
		Debug|x86 = Debug|x86
		Release|Any CPU = Release|Any CPU
		Release|ARM = Release|ARM
		Release|iPhone = Release|iPhone
		Release|iPhoneSimulator = Release|iPhoneSimulator
		Release|x64 = Release|x64
		Release|x86 = Release|x86
	EndGlobalSection
	GlobalSection(ProjectConfigurationPlatforms) = postSolution
		{CB7F4095-5971-4A46-B61C-48EC896A6F19}.Debug|Any CPU.ActiveCfg = Debug|Any CPU
		{CB7F4095-5971-4A46-B61C-48EC896A6F19}.Debug|Any CPU.Build.0 = Debug|Any CPU
		{CB7F4095-5971-4A46-B61C-48EC896A6F19}.Debug|Any CPU.Deploy.0 = Debug|Any CPU
		{CB7F4095-5971-4A46-B61C-48EC896A6F19}.Debug|ARM.ActiveCfg = Debug|Any CPU
		{CB7F4095-5971-4A46-B61C-48EC896A6F19}.Debug|ARM.Build.0 = Debug|Any CPU
		{CB7F4095-5971-4A46-B61C-48EC896A6F19}.Debug|ARM.Deploy.0 = Debug|Any CPU
		{CB7F4095-5971-4A46-B61C-48EC896A6F19}.Debug|iPhone.ActiveCfg = Debug|Any CPU
		{CB7F4095-5971-4A46-B61C-48EC896A6F19}.Debug|iPhone.Build.0 = Debug|Any CPU
		{CB7F4095-5971-4A46-B61C-48EC896A6F19}.Debug|iPhone.Deploy.0 = Debug|Any CPU
		{CB7F4095-5971-4A46-B61C-48EC896A6F19}.Debug|iPhoneSimulator.ActiveCfg = Debug|Any CPU
		{CB7F4095-5971-4A46-B61C-48EC896A6F19}.Debug|iPhoneSimulator.Build.0 = Debug|Any CPU
		{CB7F4095-5971-4A46-B61C-48EC896A6F19}.Debug|iPhoneSimulator.Deploy.0 = Debug|Any CPU
		{CB7F4095-5971-4A46-B61C-48EC896A6F19}.Debug|x64.ActiveCfg = Debug|Any CPU
		{CB7F4095-5971-4A46-B61C-48EC896A6F19}.Debug|x64.Build.0 = Debug|Any CPU
		{CB7F4095-5971-4A46-B61C-48EC896A6F19}.Debug|x64.Deploy.0 = Debug|Any CPU
		{CB7F4095-5971-4A46-B61C-48EC896A6F19}.Debug|x86.ActiveCfg = Debug|Any CPU
		{CB7F4095-5971-4A46-B61C-48EC896A6F19}.Debug|x86.Build.0 = Debug|Any CPU
		{CB7F4095-5971-4A46-B61C-48EC896A6F19}.Debug|x86.Deploy.0 = Debug|Any CPU
		{CB7F4095-5971-4A46-B61C-48EC896A6F19}.Release|Any CPU.ActiveCfg = Release|Any CPU
		{CB7F4095-5971-4A46-B61C-48EC896A6F19}.Release|Any CPU.Build.0 = Release|Any CPU
		{CB7F4095-5971-4A46-B61C-48EC896A6F19}.Release|Any CPU.Deploy.0 = Release|Any CPU
		{CB7F4095-5971-4A46-B61C-48EC896A6F19}.Release|ARM.ActiveCfg = Release|Any CPU
		{CB7F4095-5971-4A46-B61C-48EC896A6F19}.Release|ARM.Build.0 = Release|Any CPU
		{CB7F4095-5971-4A46-B61C-48EC896A6F19}.Release|ARM.Deploy.0 = Release|Any CPU
		{CB7F4095-5971-4A46-B61C-48EC896A6F19}.Release|iPhone.ActiveCfg = Release|Any CPU
		{CB7F4095-5971-4A46-B61C-48EC896A6F19}.Release|iPhone.Build.0 = Release|Any CPU
		{CB7F4095-5971-4A46-B61C-48EC896A6F19}.Release|iPhone.Deploy.0 = Release|Any CPU
		{CB7F4095-5971-4A46-B61C-48EC896A6F19}.Release|iPhoneSimulator.ActiveCfg = Release|Any CPU
		{CB7F4095-5971-4A46-B61C-48EC896A6F19}.Release|iPhoneSimulator.Build.0 = Release|Any CPU
		{CB7F4095-5971-4A46-B61C-48EC896A6F19}.Release|iPhoneSimulator.Deploy.0 = Release|Any CPU
		{CB7F4095-5971-4A46-B61C-48EC896A6F19}.Release|x64.ActiveCfg = Release|Any CPU
		{CB7F4095-5971-4A46-B61C-48EC896A6F19}.Release|x64.Build.0 = Release|Any CPU
		{CB7F4095-5971-4A46-B61C-48EC896A6F19}.Release|x64.Deploy.0 = Release|Any CPU
		{CB7F4095-5971-4A46-B61C-48EC896A6F19}.Release|x86.ActiveCfg = Release|Any CPU
		{CB7F4095-5971-4A46-B61C-48EC896A6F19}.Release|x86.Build.0 = Release|Any CPU
		{CB7F4095-5971-4A46-B61C-48EC896A6F19}.Release|x86.Deploy.0 = Release|Any CPU
		{127350B6-39C8-44B9-BFF5-6FF1B85196DD}.Debug|Any CPU.ActiveCfg = Debug|iPhoneSimulator
		{127350B6-39C8-44B9-BFF5-6FF1B85196DD}.Debug|Any CPU.Build.0 = Debug|iPhoneSimulator
		{127350B6-39C8-44B9-BFF5-6FF1B85196DD}.Debug|Any CPU.Deploy.0 = Debug|iPhoneSimulator
		{127350B6-39C8-44B9-BFF5-6FF1B85196DD}.Debug|ARM.ActiveCfg = Debug|iPhone
		{127350B6-39C8-44B9-BFF5-6FF1B85196DD}.Debug|ARM.Build.0 = Debug|iPhone
		{127350B6-39C8-44B9-BFF5-6FF1B85196DD}.Debug|ARM.Deploy.0 = Debug|iPhone
		{127350B6-39C8-44B9-BFF5-6FF1B85196DD}.Debug|iPhone.ActiveCfg = Debug|iPhone
		{127350B6-39C8-44B9-BFF5-6FF1B85196DD}.Debug|iPhone.Build.0 = Debug|iPhone
		{127350B6-39C8-44B9-BFF5-6FF1B85196DD}.Debug|iPhone.Deploy.0 = Debug|iPhone
		{127350B6-39C8-44B9-BFF5-6FF1B85196DD}.Debug|iPhoneSimulator.ActiveCfg = Debug|iPhoneSimulator
		{127350B6-39C8-44B9-BFF5-6FF1B85196DD}.Debug|iPhoneSimulator.Build.0 = Debug|iPhoneSimulator
		{127350B6-39C8-44B9-BFF5-6FF1B85196DD}.Debug|iPhoneSimulator.Deploy.0 = Debug|iPhoneSimulator
		{127350B6-39C8-44B9-BFF5-6FF1B85196DD}.Debug|x64.ActiveCfg = Debug|iPhoneSimulator
		{127350B6-39C8-44B9-BFF5-6FF1B85196DD}.Debug|x64.Build.0 = Debug|iPhoneSimulator
		{127350B6-39C8-44B9-BFF5-6FF1B85196DD}.Debug|x64.Deploy.0 = Debug|iPhoneSimulator
		{127350B6-39C8-44B9-BFF5-6FF1B85196DD}.Debug|x86.ActiveCfg = Debug|iPhoneSimulator
		{127350B6-39C8-44B9-BFF5-6FF1B85196DD}.Debug|x86.Build.0 = Debug|iPhoneSimulator
		{127350B6-39C8-44B9-BFF5-6FF1B85196DD}.Debug|x86.Deploy.0 = Debug|iPhoneSimulator
		{127350B6-39C8-44B9-BFF5-6FF1B85196DD}.Release|Any CPU.ActiveCfg = Release|iPhoneSimulator
		{127350B6-39C8-44B9-BFF5-6FF1B85196DD}.Release|Any CPU.Build.0 = Release|iPhoneSimulator
		{127350B6-39C8-44B9-BFF5-6FF1B85196DD}.Release|Any CPU.Deploy.0 = Release|iPhoneSimulator
		{127350B6-39C8-44B9-BFF5-6FF1B85196DD}.Release|ARM.ActiveCfg = Release|iPhoneSimulator
		{127350B6-39C8-44B9-BFF5-6FF1B85196DD}.Release|ARM.Build.0 = Release|iPhoneSimulator
		{127350B6-39C8-44B9-BFF5-6FF1B85196DD}.Release|ARM.Deploy.0 = Release|iPhoneSimulator
		{127350B6-39C8-44B9-BFF5-6FF1B85196DD}.Release|iPhone.ActiveCfg = Release|iPhone
		{127350B6-39C8-44B9-BFF5-6FF1B85196DD}.Release|iPhone.Build.0 = Release|iPhone
		{127350B6-39C8-44B9-BFF5-6FF1B85196DD}.Release|iPhone.Deploy.0 = Release|iPhone
		{127350B6-39C8-44B9-BFF5-6FF1B85196DD}.Release|iPhoneSimulator.ActiveCfg = Release|iPhoneSimulator
		{127350B6-39C8-44B9-BFF5-6FF1B85196DD}.Release|iPhoneSimulator.Build.0 = Release|iPhoneSimulator
		{127350B6-39C8-44B9-BFF5-6FF1B85196DD}.Release|iPhoneSimulator.Deploy.0 = Release|iPhoneSimulator
		{127350B6-39C8-44B9-BFF5-6FF1B85196DD}.Release|x64.ActiveCfg = Release|iPhoneSimulator
		{127350B6-39C8-44B9-BFF5-6FF1B85196DD}.Release|x64.Build.0 = Release|iPhoneSimulator
		{127350B6-39C8-44B9-BFF5-6FF1B85196DD}.Release|x64.Deploy.0 = Release|iPhoneSimulator
		{127350B6-39C8-44B9-BFF5-6FF1B85196DD}.Release|x86.ActiveCfg = Release|iPhoneSimulator
		{127350B6-39C8-44B9-BFF5-6FF1B85196DD}.Release|x86.Build.0 = Release|iPhoneSimulator
		{127350B6-39C8-44B9-BFF5-6FF1B85196DD}.Release|x86.Deploy.0 = Release|iPhoneSimulator
		{D22A6C1E-E732-4C54-BBE1-E36A90FA6C65}.Debug|Any CPU.ActiveCfg = Debug|Any CPU
		{D22A6C1E-E732-4C54-BBE1-E36A90FA6C65}.Debug|Any CPU.Build.0 = Debug|Any CPU
		{D22A6C1E-E732-4C54-BBE1-E36A90FA6C65}.Debug|Any CPU.Deploy.0 = Debug|Any CPU
		{D22A6C1E-E732-4C54-BBE1-E36A90FA6C65}.Debug|ARM.ActiveCfg = Debug|Any CPU
		{D22A6C1E-E732-4C54-BBE1-E36A90FA6C65}.Debug|ARM.Build.0 = Debug|Any CPU
		{D22A6C1E-E732-4C54-BBE1-E36A90FA6C65}.Debug|ARM.Deploy.0 = Debug|Any CPU
		{D22A6C1E-E732-4C54-BBE1-E36A90FA6C65}.Debug|iPhone.ActiveCfg = Debug|Any CPU
		{D22A6C1E-E732-4C54-BBE1-E36A90FA6C65}.Debug|iPhone.Build.0 = Debug|Any CPU
		{D22A6C1E-E732-4C54-BBE1-E36A90FA6C65}.Debug|iPhone.Deploy.0 = Debug|Any CPU
		{D22A6C1E-E732-4C54-BBE1-E36A90FA6C65}.Debug|iPhoneSimulator.ActiveCfg = Debug|Any CPU
		{D22A6C1E-E732-4C54-BBE1-E36A90FA6C65}.Debug|iPhoneSimulator.Build.0 = Debug|Any CPU
		{D22A6C1E-E732-4C54-BBE1-E36A90FA6C65}.Debug|iPhoneSimulator.Deploy.0 = Debug|Any CPU
		{D22A6C1E-E732-4C54-BBE1-E36A90FA6C65}.Debug|x64.ActiveCfg = Debug|Any CPU
		{D22A6C1E-E732-4C54-BBE1-E36A90FA6C65}.Debug|x64.Build.0 = Debug|Any CPU
		{D22A6C1E-E732-4C54-BBE1-E36A90FA6C65}.Debug|x64.Deploy.0 = Debug|Any CPU
		{D22A6C1E-E732-4C54-BBE1-E36A90FA6C65}.Debug|x86.ActiveCfg = Debug|Any CPU
		{D22A6C1E-E732-4C54-BBE1-E36A90FA6C65}.Debug|x86.Build.0 = Debug|Any CPU
		{D22A6C1E-E732-4C54-BBE1-E36A90FA6C65}.Debug|x86.Deploy.0 = Debug|Any CPU
		{D22A6C1E-E732-4C54-BBE1-E36A90FA6C65}.Release|Any CPU.ActiveCfg = Release|Any CPU
		{D22A6C1E-E732-4C54-BBE1-E36A90FA6C65}.Release|Any CPU.Build.0 = Release|Any CPU
		{D22A6C1E-E732-4C54-BBE1-E36A90FA6C65}.Release|Any CPU.Deploy.0 = Release|Any CPU
		{D22A6C1E-E732-4C54-BBE1-E36A90FA6C65}.Release|ARM.ActiveCfg = Release|Any CPU
		{D22A6C1E-E732-4C54-BBE1-E36A90FA6C65}.Release|ARM.Build.0 = Release|Any CPU
		{D22A6C1E-E732-4C54-BBE1-E36A90FA6C65}.Release|ARM.Deploy.0 = Release|Any CPU
		{D22A6C1E-E732-4C54-BBE1-E36A90FA6C65}.Release|iPhone.ActiveCfg = Release|Any CPU
		{D22A6C1E-E732-4C54-BBE1-E36A90FA6C65}.Release|iPhone.Build.0 = Release|Any CPU
		{D22A6C1E-E732-4C54-BBE1-E36A90FA6C65}.Release|iPhone.Deploy.0 = Release|Any CPU
		{D22A6C1E-E732-4C54-BBE1-E36A90FA6C65}.Release|iPhoneSimulator.ActiveCfg = Release|Any CPU
		{D22A6C1E-E732-4C54-BBE1-E36A90FA6C65}.Release|iPhoneSimulator.Build.0 = Release|Any CPU
		{D22A6C1E-E732-4C54-BBE1-E36A90FA6C65}.Release|iPhoneSimulator.Deploy.0 = Release|Any CPU
		{D22A6C1E-E732-4C54-BBE1-E36A90FA6C65}.Release|x64.ActiveCfg = Release|Any CPU
		{D22A6C1E-E732-4C54-BBE1-E36A90FA6C65}.Release|x64.Build.0 = Release|Any CPU
		{D22A6C1E-E732-4C54-BBE1-E36A90FA6C65}.Release|x64.Deploy.0 = Release|Any CPU
		{D22A6C1E-E732-4C54-BBE1-E36A90FA6C65}.Release|x86.ActiveCfg = Release|Any CPU
		{D22A6C1E-E732-4C54-BBE1-E36A90FA6C65}.Release|x86.Build.0 = Release|Any CPU
		{D22A6C1E-E732-4C54-BBE1-E36A90FA6C65}.Release|x86.Deploy.0 = Release|Any CPU
		{A092E8E4-CB5D-4150-A8DC-B89786829F73}.Debug|Any CPU.ActiveCfg = Debug|Any CPU
		{A092E8E4-CB5D-4150-A8DC-B89786829F73}.Debug|Any CPU.Build.0 = Debug|Any CPU
		{A092E8E4-CB5D-4150-A8DC-B89786829F73}.Debug|ARM.ActiveCfg = Debug|Any CPU
		{A092E8E4-CB5D-4150-A8DC-B89786829F73}.Debug|ARM.Build.0 = Debug|Any CPU
		{A092E8E4-CB5D-4150-A8DC-B89786829F73}.Debug|iPhone.ActiveCfg = Debug|Any CPU
		{A092E8E4-CB5D-4150-A8DC-B89786829F73}.Debug|iPhone.Build.0 = Debug|Any CPU
		{A092E8E4-CB5D-4150-A8DC-B89786829F73}.Debug|iPhoneSimulator.ActiveCfg = Debug|Any CPU
		{A092E8E4-CB5D-4150-A8DC-B89786829F73}.Debug|iPhoneSimulator.Build.0 = Debug|Any CPU
		{A092E8E4-CB5D-4150-A8DC-B89786829F73}.Debug|x64.ActiveCfg = Debug|Any CPU
		{A092E8E4-CB5D-4150-A8DC-B89786829F73}.Debug|x64.Build.0 = Debug|Any CPU
		{A092E8E4-CB5D-4150-A8DC-B89786829F73}.Debug|x86.ActiveCfg = Debug|Any CPU
		{A092E8E4-CB5D-4150-A8DC-B89786829F73}.Debug|x86.Build.0 = Debug|Any CPU
		{A092E8E4-CB5D-4150-A8DC-B89786829F73}.Release|Any CPU.ActiveCfg = Release|Any CPU
		{A092E8E4-CB5D-4150-A8DC-B89786829F73}.Release|Any CPU.Build.0 = Release|Any CPU
		{A092E8E4-CB5D-4150-A8DC-B89786829F73}.Release|ARM.ActiveCfg = Release|Any CPU
		{A092E8E4-CB5D-4150-A8DC-B89786829F73}.Release|ARM.Build.0 = Release|Any CPU
		{A092E8E4-CB5D-4150-A8DC-B89786829F73}.Release|iPhone.ActiveCfg = Release|Any CPU
		{A092E8E4-CB5D-4150-A8DC-B89786829F73}.Release|iPhone.Build.0 = Release|Any CPU
		{A092E8E4-CB5D-4150-A8DC-B89786829F73}.Release|iPhoneSimulator.ActiveCfg = Release|Any CPU
		{A092E8E4-CB5D-4150-A8DC-B89786829F73}.Release|iPhoneSimulator.Build.0 = Release|Any CPU
		{A092E8E4-CB5D-4150-A8DC-B89786829F73}.Release|x64.ActiveCfg = Release|Any CPU
		{A092E8E4-CB5D-4150-A8DC-B89786829F73}.Release|x64.Build.0 = Release|Any CPU
		{A092E8E4-CB5D-4150-A8DC-B89786829F73}.Release|x86.ActiveCfg = Release|Any CPU
		{A092E8E4-CB5D-4150-A8DC-B89786829F73}.Release|x86.Build.0 = Release|Any CPU
	EndGlobalSection
	GlobalSection(SolutionProperties) = preSolution
		HideSolutionNode = FALSE
	EndGlobalSection
	GlobalSection(NestedProjects) = preSolution
		{A092E8E4-CB5D-4150-A8DC-B89786829F73} = {695F73DB-42D1-491D-A6F0-11A7449178D5}
	EndGlobalSection
	GlobalSection(ExtensibilityGlobals) = postSolution
		SolutionGuid = {561239DB-51EC-4E5D-A8B0-BBB962B2FB44}
	EndGlobalSection
EndGlobal
